
Microsoft Visual Studio Solution File, Format Version 12.00
# Visual Studio 15
VisualStudioVersion = 15.0.28010.2046
MinimumVisualStudioVersion = 10.0.40219.1
Project("{FAE04EC0-301F-11D3-BF4B-00C04F79EFBC}") = "DTank", "DTank\DTank.csproj", "{7F321B8E-4BFC-488A-B5BC-5DE07D1C42C6}"
EndProject
Project("{FAE04EC0-301F-11D3-BF4B-00C04F79EFBC}") = "DFilter.Common", "DFilter.Common\DFilter.Common.csproj", "{EF6ED422-D23A-4293-A77E-B1745213B9A0}"
EndProject
Project("{FAE04EC0-301F-11D3-BF4B-00C04F79EFBC}") = "DFilter", "DFilter\DFilter.csproj", "{7D3A0491-D272-4154-B5ED-848AC562C406}"
EndProject
Global
	GlobalSection(SolutionConfigurationPlatforms) = preSolution
		Debug|Any CPU = Debug|Any CPU
		Release|Any CPU = Release|Any CPU
	EndGlobalSection
	GlobalSection(ProjectConfigurationPlatforms) = postSolution
		{7F321B8E-4BFC-488A-B5BC-5DE07D1C42C6}.Debug|Any CPU.ActiveCfg = Debug|Any CPU
		{7F321B8E-4BFC-488A-B5BC-5DE07D1C42C6}.Debug|Any CPU.Build.0 = Debug|Any CPU
		{7F321B8E-4BFC-488A-B5BC-5DE07D1C42C6}.Release|Any CPU.ActiveCfg = Release|Any CPU
		{7F321B8E-4BFC-488A-B5BC-5DE07D1C42C6}.Release|Any CPU.Build.0 = Release|Any CPU
		{EF6ED422-D23A-4293-A77E-B1745213B9A0}.Debug|Any CPU.ActiveCfg = Debug|Any CPU
		{EF6ED422-D23A-4293-A77E-B1745213B9A0}.Debug|Any CPU.Build.0 = Debug|Any CPU
		{EF6ED422-D23A-4293-A77E-B1745213B9A0}.Release|Any CPU.ActiveCfg = Release|Any CPU
		{EF6ED422-D23A-4293-A77E-B1745213B9A0}.Release|Any CPU.Build.0 = Release|Any CPU
		{7D3A0491-D272-4154-B5ED-848AC562C406}.Debug|Any CPU.ActiveCfg = Debug|Any CPU
		{7D3A0491-D272-4154-B5ED-848AC562C406}.Debug|Any CPU.Build.0 = Debug|Any CPU
		{7D3A0491-D272-4154-B5ED-848AC562C406}.Release|Any CPU.ActiveCfg = Release|Any CPU
		{7D3A0491-D272-4154-B5ED-848AC562C406}.Release|Any CPU.Build.0 = Release|Any CPU
	EndGlobalSection
	GlobalSection(SolutionProperties) = preSolution
		HideSolutionNode = FALSE
	EndGlobalSection
	GlobalSection(ExtensibilityGlobals) = postSolution
		SolutionGuid = {301A0A29-C6AF-4D43-9AD6-F7E684149DD8}
	EndGlobalSection
EndGlobal
